
Microsoft Visual Studio Solution File, Format Version 12.00
# Visual Studio Version 17
VisualStudioVersion = 17.2.32602.215
MinimumVisualStudioVersion = 10.0.40219.1
Project("{FAE04EC0-301F-11D3-BF4B-00C04F79EFBC}") = "CallofDutyAPI", "CallofDutyAPI\CallofDutyAPI.csproj", "{7D4E1A81-01F7-43E7-8526-7CF2E7F96CBD}"
EndProject
Global
	GlobalSection(SolutionConfigurationPlatforms) = preSolution
		Debug|Any CPU = Debug|Any CPU
		Release|Any CPU = Release|Any CPU
	EndGlobalSection
	GlobalSection(ProjectConfigurationPlatforms) = postSolution
		{7D4E1A81-01F7-43E7-8526-7CF2E7F96CBD}.Debug|Any CPU.ActiveCfg = Debug|Any CPU
		{7D4E1A81-01F7-43E7-8526-7CF2E7F96CBD}.Debug|Any CPU.Build.0 = Debug|Any CPU
		{7D4E1A81-01F7-43E7-8526-7CF2E7F96CBD}.Release|Any CPU.ActiveCfg = Release|Any CPU
		{7D4E1A81-01F7-43E7-8526-7CF2E7F96CBD}.Release|Any CPU.Build.0 = Release|Any CPU
	EndGlobalSection
	GlobalSection(SolutionProperties) = preSolution
		HideSolutionNode = FALSE
	EndGlobalSection
	GlobalSection(ExtensibilityGlobals) = postSolution
		SolutionGuid = {4947E412-7FE9-413F-B6D8-45898D6C643C}
	EndGlobalSection
EndGlobal
